
Microsoft Visual Studio Solution File, Format Version 12.00
# Visual Studio Version 17
VisualStudioVersion = 17.8.34511.84
MinimumVisualStudioVersion = 10.0.40219.1
Project("{8BC9CEB8-8B4A-11D0-8D11-00A0C91BC942}") = "19.02.2024_Artyom Terentyev_HomeWork_написать программы с ошибками и решения к ним", "19.02.2024_Artyom Terentyev_HomeWork_написать программы с ошибками и решения к ним.vcxproj", "{033C517E-96C4-408F-BEE8-AE09A8B9A990}"
EndProject
Global
	GlobalSection(SolutionConfigurationPlatforms) = preSolution
		Debug|x64 = Debug|x64
		Debug|x86 = Debug|x86
		Release|x64 = Release|x64
		Release|x86 = Release|x86
	EndGlobalSection
	GlobalSection(ProjectConfigurationPlatforms) = postSolution
		{033C517E-96C4-408F-BEE8-AE09A8B9A990}.Debug|x64.ActiveCfg = Debug|x64
		{033C517E-96C4-408F-BEE8-AE09A8B9A990}.Debug|x64.Build.0 = Debug|x64
		{033C517E-96C4-408F-BEE8-AE09A8B9A990}.Debug|x86.ActiveCfg = Debug|Win32
		{033C517E-96C4-408F-BEE8-AE09A8B9A990}.Debug|x86.Build.0 = Debug|Win32
		{033C517E-96C4-408F-BEE8-AE09A8B9A990}.Release|x64.ActiveCfg = Release|x64
		{033C517E-96C4-408F-BEE8-AE09A8B9A990}.Release|x64.Build.0 = Release|x64
		{033C517E-96C4-408F-BEE8-AE09A8B9A990}.Release|x86.ActiveCfg = Release|Win32
		{033C517E-96C4-408F-BEE8-AE09A8B9A990}.Release|x86.Build.0 = Release|Win32
	EndGlobalSection
	GlobalSection(SolutionProperties) = preSolution
		HideSolutionNode = FALSE
	EndGlobalSection
	GlobalSection(ExtensibilityGlobals) = postSolution
		SolutionGuid = {29910B4F-388A-4108-893B-5AF58A240919}
	EndGlobalSection
EndGlobal
